// !$*UTF8*$!
{
	archiveVersion = 1;
	classes = {
	};
	objectVersion = 51;
	objects = {

/* Begin PBXBuildFile section */
		3C79AAB72677601400CF4B08 /* SwimWorkoutData.swift in Sources */ = {isa = PBXBuildFile; fileRef = 3C79AAB42677601400CF4B08 /* SwimWorkoutData.swift */; };
		3C79AAB82677601400CF4B08 /* HealthKitSetupAssistant.swift in Sources */ = {isa = PBXBuildFile; fileRef = 3C79AAB52677601400CF4B08 /* HealthKitSetupAssistant.swift */; };
		3C79AAB92677601400CF4B08 /* HealthDataStore.swift in Sources */ = {isa = PBXBuildFile; fileRef = 3C79AAB62677601400CF4B08 /* HealthDataStore.swift */; };
		3C79AABB2677776000CF4B08 /* SwimmingDataInText.swift in Sources */ = {isa = PBXBuildFile; fileRef = 3C79AABA2677776000CF4B08 /* SwimmingDataInText.swift */; };
		3CB3491D266E6C1D00EB1726 /* AppDelegate.swift in Sources */ = {isa = PBXBuildFile; fileRef = 3CB3491C266E6C1D00EB1726 /* AppDelegate.swift */; };
		3CB3491F266E6C1D00EB1726 /* SceneDelegate.swift in Sources */ = {isa = PBXBuildFile; fileRef = 3CB3491E266E6C1D00EB1726 /* SceneDelegate.swift */; };
		3CB34921266E6C1D00EB1726 /* ViewController.swift in Sources */ = {isa = PBXBuildFile; fileRef = 3CB34920266E6C1D00EB1726 /* ViewController.swift */; };
		3CB34924266E6C1D00EB1726 /* Main.storyboard in Resources */ = {isa = PBXBuildFile; fileRef = 3CB34922266E6C1D00EB1726 /* Main.storyboard */; };
		3CB34926266E6C1E00EB1726 /* Assets.xcassets in Resources */ = {isa = PBXBuildFile; fileRef = 3CB34925266E6C1E00EB1726 /* Assets.xcassets */; };
		3CB34929266E6C1E00EB1726 /* LaunchScreen.storyboard in Resources */ = {isa = PBXBuildFile; fileRef = 3CB34927266E6C1E00EB1726 /* LaunchScreen.storyboard */; };
		3CB34933266E6C2D00EB1726 /* HealthKit.framework in Frameworks */ = {isa = PBXBuildFile; fileRef = 3CB34932266E6C2D00EB1726 /* HealthKit.framework */; };
		7ACDDFDDD78DB23121B354A9 /* Pods_swimming_test_app_2.framework in Frameworks */ = {isa = PBXBuildFile; fileRef = C6A1F428E87F6611520F90F6 /* Pods_swimming_test_app_2.framework */; };
/* End PBXBuildFile section */

/* Begin PBXFileReference section */
		3C79AAB42677601400CF4B08 /* SwimWorkoutData.swift */ = {isa = PBXFileReference; fileEncoding = 4; lastKnownFileType = sourcecode.swift; path = SwimWorkoutData.swift; sourceTree = "<group>"; };
		3C79AAB52677601400CF4B08 /* HealthKitSetupAssistant.swift */ = {isa = PBXFileReference; fileEncoding = 4; lastKnownFileType = sourcecode.swift; path = HealthKitSetupAssistant.swift; sourceTree = "<group>"; };
		3C79AAB62677601400CF4B08 /* HealthDataStore.swift */ = {isa = PBXFileReference; fileEncoding = 4; lastKnownFileType = sourcecode.swift; path = HealthDataStore.swift; sourceTree = "<group>"; };
		3C79AABA2677776000CF4B08 /* SwimmingDataInText.swift */ = {isa = PBXFileReference; lastKnownFileType = sourcecode.swift; path = SwimmingDataInText.swift; sourceTree = "<group>"; };
		3CB34919266E6C1D00EB1726 /* swimming-test-app-2.app */ = {isa = PBXFileReference; explicitFileType = wrapper.application; includeInIndex = 0; path = "swimming-test-app-2.app"; sourceTree = BUILT_PRODUCTS_DIR; };
		3CB3491C266E6C1D00EB1726 /* AppDelegate.swift */ = {isa = PBXFileReference; lastKnownFileType = sourcecode.swift; path = AppDelegate.swift; sourceTree = "<group>"; };
		3CB3491E266E6C1D00EB1726 /* SceneDelegate.swift */ = {isa = PBXFileReference; lastKnownFileType = sourcecode.swift; path = SceneDelegate.swift; sourceTree = "<group>"; };
		3CB34920266E6C1D00EB1726 /* ViewController.swift */ = {isa = PBXFileReference; lastKnownFileType = sourcecode.swift; path = ViewController.swift; sourceTree = "<group>"; };
		3CB34923266E6C1D00EB1726 /* Base */ = {isa = PBXFileReference; lastKnownFileType = file.storyboard; name = Base; path = Base.lproj/Main.storyboard; sourceTree = "<group>"; };
		3CB34925266E6C1E00EB1726 /* Assets.xcassets */ = {isa = PBXFileReference; lastKnownFileType = folder.assetcatalog; path = Assets.xcassets; sourceTree = "<group>"; };
		3CB34928266E6C1E00EB1726 /* Base */ = {isa = PBXFileReference; lastKnownFileType = file.storyboard; name = Base; path = Base.lproj/LaunchScreen.storyboard; sourceTree = "<group>"; };
		3CB3492A266E6C1E00EB1726 /* Info.plist */ = {isa = PBXFileReference; lastKnownFileType = text.plist.xml; path = Info.plist; sourceTree = "<group>"; };
		3CB34930266E6C2D00EB1726 /* swimming-test-app-2.entitlements */ = {isa = PBXFileReference; lastKnownFileType = text.plist.entitlements; path = "swimming-test-app-2.entitlements"; sourceTree = "<group>"; };
		3CB34932266E6C2D00EB1726 /* HealthKit.framework */ = {isa = PBXFileReference; lastKnownFileType = wrapper.framework; name = HealthKit.framework; path = System/Library/Frameworks/HealthKit.framework; sourceTree = SDKROOT; };
		9DD7C9D1F641CBAEB58F038C /* Pods-swimming-test-app-2.debug.xcconfig */ = {isa = PBXFileReference; includeInIndex = 1; lastKnownFileType = text.xcconfig; name = "Pods-swimming-test-app-2.debug.xcconfig"; path = "Target Support Files/Pods-swimming-test-app-2/Pods-swimming-test-app-2.debug.xcconfig"; sourceTree = "<group>"; };
		C4E03593C8F1B53B775D025A /* Pods-swimming-test-app-2.release.xcconfig */ = {isa = PBXFileReference; includeInIndex = 1; lastKnownFileType = text.xcconfig; name = "Pods-swimming-test-app-2.release.xcconfig"; path = "Target Support Files/Pods-swimming-test-app-2/Pods-swimming-test-app-2.release.xcconfig"; sourceTree = "<group>"; };
		C6A1F428E87F6611520F90F6 /* Pods_swimming_test_app_2.framework */ = {isa = PBXFileReference; explicitFileType = wrapper.framework; includeInIndex = 0; path = Pods_swimming_test_app_2.framework; sourceTree = BUILT_PRODUCTS_DIR; };
/* End PBXFileReference section */

/* Begin PBXFrameworksBuildPhase section */
		3CB34916266E6C1D00EB1726 /* Frameworks */ = {
			isa = PBXFrameworksBuildPhase;
			buildActionMask = 2147483647;
			files = (
				3CB34933266E6C2D00EB1726 /* HealthKit.framework in Frameworks */,
				7ACDDFDDD78DB23121B354A9 /* Pods_swimming_test_app_2.framework in Frameworks */,
			);
			runOnlyForDeploymentPostprocessing = 0;
		};
/* End PBXFrameworksBuildPhase section */

/* Begin PBXGroup section */
		3CB34910266E6C1D00EB1726 = {
			isa = PBXGroup;
			children = (
				3CB3491B266E6C1D00EB1726 /* swimming-test-app-2 */,
				3CB3491A266E6C1D00EB1726 /* Products */,
				3CB34931266E6C2D00EB1726 /* Frameworks */,
				CEDFB892495195A01EE69A59 /* Pods */,
			);
			sourceTree = "<group>";
		};
		3CB3491A266E6C1D00EB1726 /* Products */ = {
			isa = PBXGroup;
			children = (
				3CB34919266E6C1D00EB1726 /* swimming-test-app-2.app */,
			);
			name = Products;
			sourceTree = "<group>";
		};
		3CB3491B266E6C1D00EB1726 /* swimming-test-app-2 */ = {
			isa = PBXGroup;
			children = (
				3C79AAB62677601400CF4B08 /* HealthDataStore.swift */,
				3C79AAB52677601400CF4B08 /* HealthKitSetupAssistant.swift */,
				3C79AAB42677601400CF4B08 /* SwimWorkoutData.swift */,
				3CB34930266E6C2D00EB1726 /* swimming-test-app-2.entitlements */,
				3CB3491C266E6C1D00EB1726 /* AppDelegate.swift */,
				3CB3491E266E6C1D00EB1726 /* SceneDelegate.swift */,
				3CB34920266E6C1D00EB1726 /* ViewController.swift */,
				3CB34922266E6C1D00EB1726 /* Main.storyboard */,
				3CB34925266E6C1E00EB1726 /* Assets.xcassets */,
				3CB34927266E6C1E00EB1726 /* LaunchScreen.storyboard */,
				3CB3492A266E6C1E00EB1726 /* Info.plist */,
				3C79AABA2677776000CF4B08 /* SwimmingDataInText.swift */,
			);
			path = "swimming-test-app-2";
			sourceTree = "<group>";
		};
		3CB34931266E6C2D00EB1726 /* Frameworks */ = {
			isa = PBXGroup;
			children = (
				3CB34932266E6C2D00EB1726 /* HealthKit.framework */,
				C6A1F428E87F6611520F90F6 /* Pods_swimming_test_app_2.framework */,
			);
			name = Frameworks;
			sourceTree = "<group>";
		};
		CEDFB892495195A01EE69A59 /* Pods */ = {
			isa = PBXGroup;
			children = (
				9DD7C9D1F641CBAEB58F038C /* Pods-swimming-test-app-2.debug.xcconfig */,
				C4E03593C8F1B53B775D025A /* Pods-swimming-test-app-2.release.xcconfig */,
			);
			path = Pods;
			sourceTree = "<group>";
		};
/* End PBXGroup section */

/* Begin PBXNativeTarget section */
		3CB34918266E6C1D00EB1726 /* swimming-test-app-2 */ = {
			isa = PBXNativeTarget;
			buildConfigurationList = 3CB3492D266E6C1E00EB1726 /* Build configuration list for PBXNativeTarget "swimming-test-app-2" */;
			buildPhases = (
				99A97B1B3C6DA95047497929 /* [CP] Check Pods Manifest.lock */,
				3CB34915266E6C1D00EB1726 /* Sources */,
				3CB34916266E6C1D00EB1726 /* Frameworks */,
				3CB34917266E6C1D00EB1726 /* Resources */,
				877F161A8B4E7AAC72A9F1E4 /* [CP] Embed Pods Frameworks */,
			);
			buildRules = (
			);
			dependencies = (
			);
			name = "swimming-test-app-2";
			productName = "swimming-test-app-2";
			productReference = 3CB34919266E6C1D00EB1726 /* swimming-test-app-2.app */;
			productType = "com.apple.product-type.application";
		};
/* End PBXNativeTarget section */

/* Begin PBXProject section */
		3CB34911266E6C1D00EB1726 /* Project object */ = {
			isa = PBXProject;
			attributes = {
				LastSwiftUpdateCheck = 1250;
				LastUpgradeCheck = 1250;
				TargetAttributes = {
					3CB34918266E6C1D00EB1726 = {
						CreatedOnToolsVersion = 12.5;
					};
				};
			};
			buildConfigurationList = 3CB34914266E6C1D00EB1726 /* Build configuration list for PBXProject "swimming-test-app-2" */;
			compatibilityVersion = "Xcode 9.3";
			developmentRegion = en;
			hasScannedForEncodings = 0;
			knownRegions = (
				en,
				Base,
			);
			mainGroup = 3CB34910266E6C1D00EB1726;
			productRefGroup = 3CB3491A266E6C1D00EB1726 /* Products */;
			projectDirPath = "";
			projectRoot = "";
			targets = (
				3CB34918266E6C1D00EB1726 /* swimming-test-app-2 */,
			);
		};
/* End PBXProject section */

/* Begin PBXResourcesBuildPhase section */
		3CB34917266E6C1D00EB1726 /* Resources */ = {
			isa = PBXResourcesBuildPhase;
			buildActionMask = 2147483647;
			files = (
				3CB34929266E6C1E00EB1726 /* LaunchScreen.storyboard in Resources */,
				3CB34926266E6C1E00EB1726 /* Assets.xcassets in Resources */,
				3CB34924266E6C1D00EB1726 /* Main.storyboard in Resources */,
			);
			runOnlyForDeploymentPostprocessing = 0;
		};
/* End PBXResourcesBuildPhase section */

/* Begin PBXShellScriptBuildPhase section */
		877F161A8B4E7AAC72A9F1E4 /* [CP] Embed Pods Frameworks */ = {
			isa = PBXShellScriptBuildPhase;
			buildActionMask = 2147483647;
			files = (
			);
			inputFileListPaths = (
				"${PODS_ROOT}/Target Support Files/Pods-swimming-test-app-2/Pods-swimming-test-app-2-frameworks-${CONFIGURATION}-input-files.xcfilelist",
			);
			name = "[CP] Embed Pods Frameworks";
			outputFileListPaths = (
				"${PODS_ROOT}/Target Support Files/Pods-swimming-test-app-2/Pods-swimming-test-app-2-frameworks-${CONFIGURATION}-output-files.xcfilelist",
			);
			runOnlyForDeploymentPostprocessing = 0;
			shellPath = /bin/sh;
			shellScript = "\"${PODS_ROOT}/Target Support Files/Pods-swimming-test-app-2/Pods-swimming-test-app-2-frameworks.sh\"\n";
			showEnvVarsInLog = 0;
		};
		99A97B1B3C6DA95047497929 /* [CP] Check Pods Manifest.lock */ = {
			isa = PBXShellScriptBuildPhase;
			buildActionMask = 2147483647;
			files = (
			);
			inputFileListPaths = (
			);
			inputPaths = (
				"${PODS_PODFILE_DIR_PATH}/Podfile.lock",
				"${PODS_ROOT}/Manifest.lock",
			);
			name = "[CP] Check Pods Manifest.lock";
			outputFileListPaths = (
			);
			outputPaths = (
				"$(DERIVED_FILE_DIR)/Pods-swimming-test-app-2-checkManifestLockResult.txt",
			);
			runOnlyForDeploymentPostprocessing = 0;
			shellPath = /bin/sh;
			shellScript = "diff \"${PODS_PODFILE_DIR_PATH}/Podfile.lock\" \"${PODS_ROOT}/Manifest.lock\" > /dev/null\nif [ $? != 0 ] ; then\n    # print error to STDERR\n    echo \"error: The sandbox is not in sync with the Podfile.lock. Run 'pod install' or update your CocoaPods installation.\" >&2\n    exit 1\nfi\n# This output is used by Xcode 'outputs' to avoid re-running this script phase.\necho \"SUCCESS\" > \"${SCRIPT_OUTPUT_FILE_0}\"\n";
			showEnvVarsInLog = 0;
		};
/* End PBXShellScriptBuildPhase section */

/* Begin PBXSourcesBuildPhase section */
		3CB34915266E6C1D00EB1726 /* Sources */ = {
			isa = PBXSourcesBuildPhase;
			buildActionMask = 2147483647;
			files = (
				3CB34921266E6C1D00EB1726 /* ViewController.swift in Sources */,
				3C79AABB2677776000CF4B08 /* SwimmingDataInText.swift in Sources */,
				3C79AAB72677601400CF4B08 /* SwimWorkoutData.swift in Sources */,
				3CB3491D266E6C1D00EB1726 /* AppDelegate.swift in Sources */,
				3C79AAB92677601400CF4B08 /* HealthDataStore.swift in Sources */,
				3CB3491F266E6C1D00EB1726 /* SceneDelegate.swift in Sources */,
				3C79AAB82677601400CF4B08 /* HealthKitSetupAssistant.swift in Sources */,
			);
			runOnlyForDeploymentPostprocessing = 0;
		};
/* End PBXSourcesBuildPhase section */

/* Begin PBXVariantGroup section */
		3CB34922266E6C1D00EB1726 /* Main.storyboard */ = {
			isa = PBXVariantGroup;
			children = (
				3CB34923266E6C1D00EB1726 /* Base */,
			);
			name = Main.storyboard;
			sourceTree = "<group>";
		};
		3CB34927266E6C1E00EB1726 /* LaunchScreen.storyboard */ = {
			isa = PBXVariantGroup;
			children = (
				3CB34928266E6C1E00EB1726 /* Base */,
			);
			name = LaunchScreen.storyboard;
			sourceTree = "<group>";
		};
/* End PBXVariantGroup section */

/* Begin XCBuildConfiguration section */
		3CB3492B266E6C1E00EB1726 /* Debug */ = {
			isa = XCBuildConfiguration;
			buildSettings = {
				ALWAYS_SEARCH_USER_PATHS = NO;
				CLANG_ANALYZER_NONNULL = YES;
				CLANG_ANALYZER_NUMBER_OBJECT_CONVERSION = YES_AGGRESSIVE;
				CLANG_CXX_LANGUAGE_STANDARD = "gnu++14";
				CLANG_CXX_LIBRARY = "libc++";
				CLANG_ENABLE_MODULES = YES;
				CLANG_ENABLE_OBJC_ARC = YES;
				CLANG_ENABLE_OBJC_WEAK = YES;
				CLANG_WARN_BLOCK_CAPTURE_AUTORELEASING = YES;
				CLANG_WARN_BOOL_CONVERSION = YES;
				CLANG_WARN_COMMA = YES;
				CLANG_WARN_CONSTANT_CONVERSION = YES;
				CLANG_WARN_DEPRECATED_OBJC_IMPLEMENTATIONS = YES;
				CLANG_WARN_DIRECT_OBJC_ISA_USAGE = YES_ERROR;
				CLANG_WARN_DOCUMENTATION_COMMENTS = YES;
				CLANG_WARN_EMPTY_BODY = YES;
				CLANG_WARN_ENUM_CONVERSION = YES;
				CLANG_WARN_INFINITE_RECURSION = YES;
				CLANG_WARN_INT_CONVERSION = YES;
				CLANG_WARN_NON_LITERAL_NULL_CONVERSION = YES;
				CLANG_WARN_OBJC_IMPLICIT_RETAIN_SELF = YES;
				CLANG_WARN_OBJC_LITERAL_CONVERSION = YES;
				CLANG_WARN_OBJC_ROOT_CLASS = YES_ERROR;
				CLANG_WARN_QUOTED_INCLUDE_IN_FRAMEWORK_HEADER = YES;
				CLANG_WARN_RANGE_LOOP_ANALYSIS = YES;
				CLANG_WARN_STRICT_PROTOTYPES = YES;
				CLANG_WARN_SUSPICIOUS_MOVE = YES;
				CLANG_WARN_UNGUARDED_AVAILABILITY = YES_AGGRESSIVE;
				CLANG_WARN_UNREACHABLE_CODE = YES;
				CLANG_WARN__DUPLICATE_METHOD_MATCH = YES;
				COPY_PHASE_STRIP = NO;
				DEBUG_INFORMATION_FORMAT = dwarf;
				ENABLE_STRICT_OBJC_MSGSEND = YES;
				ENABLE_TESTABILITY = YES;
				GCC_C_LANGUAGE_STANDARD = gnu11;
				GCC_DYNAMIC_NO_PIC = NO;
				GCC_NO_COMMON_BLOCKS = YES;
				GCC_OPTIMIZATION_LEVEL = 0;
				GCC_PREPROCESSOR_DEFINITIONS = (
					"DEBUG=1",
					"$(inherited)",
				);
				GCC_WARN_64_TO_32_BIT_CONVERSION = YES;
				GCC_WARN_ABOUT_RETURN_TYPE = YES_ERROR;
				GCC_WARN_UNDECLARED_SELECTOR = YES;
				GCC_WARN_UNINITIALIZED_AUTOS = YES_AGGRESSIVE;
				GCC_WARN_UNUSED_FUNCTION = YES;
				GCC_WARN_UNUSED_VARIABLE = YES;
				IPHONEOS_DEPLOYMENT_TARGET = 14.5;
				MTL_ENABLE_DEBUG_INFO = INCLUDE_SOURCE;
				MTL_FAST_MATH = YES;
				ONLY_ACTIVE_ARCH = YES;
				SDKROOT = iphoneos;
				SWIFT_ACTIVE_COMPILATION_CONDITIONS = DEBUG;
				SWIFT_OPTIMIZATION_LEVEL = "-Onone";
			};
			name = Debug;
		};
		3CB3492C266E6C1E00EB1726 /* Release */ = {
			isa = XCBuildConfiguration;
			buildSettings = {
				ALWAYS_SEARCH_USER_PATHS = NO;
				CLANG_ANALYZER_NONNULL = YES;
				CLANG_ANALYZER_NUMBER_OBJECT_CONVERSION = YES_AGGRESSIVE;
				CLANG_CXX_LANGUAGE_STANDARD = "gnu++14";
				CLANG_CXX_LIBRARY = "libc++";
				CLANG_ENABLE_MODULES = YES;
				CLANG_ENABLE_OBJC_ARC = YES;
				CLANG_ENABLE_OBJC_WEAK = YES;
				CLANG_WARN_BLOCK_CAPTURE_AUTORELEASING = YES;
				CLANG_WARN_BOOL_CONVERSION = YES;
				CLANG_WARN_COMMA = YES;
				CLANG_WARN_CONSTANT_CONVERSION = YES;
				CLANG_WARN_DEPRECATED_OBJC_IMPLEMENTATIONS = YES;
				CLANG_WARN_DIRECT_OBJC_ISA_USAGE = YES_ERROR;
				CLANG_WARN_DOCUMENTATION_COMMENTS = YES;
				CLANG_WARN_EMPTY_BODY = YES;
				CLANG_WARN_ENUM_CONVERSION = YES;
				CLANG_WARN_INFINITE_RECURSION = YES;
				CLANG_WARN_INT_CONVERSION = YES;
				CLANG_WARN_NON_LITERAL_NULL_CONVERSION = YES;
				CLANG_WARN_OBJC_IMPLICIT_RETAIN_SELF = YES;
				CLANG_WARN_OBJC_LITERAL_CONVERSION = YES;
				CLANG_WARN_OBJC_ROOT_CLASS = YES_ERROR;
				CLANG_WARN_QUOTED_INCLUDE_IN_FRAMEWORK_HEADER = YES;
				CLANG_WARN_RANGE_LOOP_ANALYSIS = YES;
				CLANG_WARN_STRICT_PROTOTYPES = YES;
				CLANG_WARN_SUSPICIOUS_MOVE = YES;
				CLANG_WARN_UNGUARDED_AVAILABILITY = YES_AGGRESSIVE;
				CLANG_WARN_UNREACHABLE_CODE = YES;
				CLANG_WARN__DUPLICATE_METHOD_MATCH = YES;
				COPY_PHASE_STRIP = NO;
				DEBUG_INFORMATION_FORMAT = "dwarf-with-dsym";
				ENABLE_NS_ASSERTIONS = NO;
				ENABLE_STRICT_OBJC_MSGSEND = YES;
				GCC_C_LANGUAGE_STANDARD = gnu11;
				GCC_NO_COMMON_BLOCKS = YES;
				GCC_WARN_64_TO_32_BIT_CONVERSION = YES;
				GCC_WARN_ABOUT_RETURN_TYPE = YES_ERROR;
				GCC_WARN_UNDECLARED_SELECTOR = YES;
				GCC_WARN_UNINITIALIZED_AUTOS = YES_AGGRESSIVE;
				GCC_WARN_UNUSED_FUNCTION = YES;
				GCC_WARN_UNUSED_VARIABLE = YES;
				IPHONEOS_DEPLOYMENT_TARGET = 14.5;
				MTL_ENABLE_DEBUG_INFO = NO;
				MTL_FAST_MATH = YES;
				SDKROOT = iphoneos;
				SWIFT_COMPILATION_MODE = wholemodule;
				SWIFT_OPTIMIZATION_LEVEL = "-O";
				VALIDATE_PRODUCT = YES;
			};
			name = Release;
		};
		3CB3492E266E6C1E00EB1726 /* Debug */ = {
			isa = XCBuildConfiguration;
			baseConfigurationReference = 9DD7C9D1F641CBAEB58F038C /* Pods-swimming-test-app-2.debug.xcconfig */;
			buildSettings = {
				ASSETCATALOG_COMPILER_APPICON_NAME = AppIcon;
				ASSETCATALOG_COMPILER_GLOBAL_ACCENT_COLOR_NAME = AccentColor;
				CODE_SIGN_ENTITLEMENTS = "swimming-test-app-2/swimming-test-app-2.entitlements";
				CODE_SIGN_STYLE = Automatic;
				DEVELOPMENT_TEAM = J8A843466G;
				INFOPLIST_FILE = "swimming-test-app-2/Info.plist";
				LD_RUNPATH_SEARCH_PATHS = (
					"$(inherited)",
					"@executable_path/Frameworks",
				);
				PRODUCT_BUNDLE_IDENTIFIER = "net.hryeong.swimming-test-app-2";
				PRODUCT_NAME = "$(TARGET_NAME)";
				SWIFT_VERSION = 5.0;
				TARGETED_DEVICE_FAMILY = "1,2";
			};
			name = Debug;
		};
		3CB3492F266E6C1E00EB1726 /* Release */ = {
			isa = XCBuildConfiguration;
			baseConfigurationReference = C4E03593C8F1B53B775D025A /* Pods-swimming-test-app-2.release.xcconfig */;
			buildSettings = {
				ASSETCATALOG_COMPILER_APPICON_NAME = AppIcon;
				ASSETCATALOG_COMPILER_GLOBAL_ACCENT_COLOR_NAME = AccentColor;
				CODE_SIGN_ENTITLEMENTS = "swimming-test-app-2/swimming-test-app-2.entitlements";
				CODE_SIGN_STYLE = Automatic;
				DEVELOPMENT_TEAM = J8A843466G;
				INFOPLIST_FILE = "swimming-test-app-2/Info.plist";
				LD_RUNPATH_SEARCH_PATHS = (
					"$(inherited)",
					"@executable_path/Frameworks",
				);
				PRODUCT_BUNDLE_IDENTIFIER = "net.hryeong.swimming-test-app-2";
				PRODUCT_NAME = "$(TARGET_NAME)";
				SWIFT_VERSION = 5.0;
				TARGETED_DEVICE_FAMILY = "1,2";
			};
			name = Release;
		};
/* End XCBuildConfiguration section */

/* Begin XCConfigurationList section */
		3CB34914266E6C1D00EB1726 /* Build configuration list for PBXProject "swimming-test-app-2" */ = {
			isa = XCConfigurationList;
			buildConfigurations = (
				3CB3492B266E6C1E00EB1726 /* Debug */,
				3CB3492C266E6C1E00EB1726 /* Release */,
			);
			defaultConfigurationIsVisible = 0;
			defaultConfigurationName = Release;
		};
		3CB3492D266E6C1E00EB1726 /* Build configuration list for PBXNativeTarget "swimming-test-app-2" */ = {
			isa = XCConfigurationList;
			buildConfigurations = (
				3CB3492E266E6C1E00EB1726 /* Debug */,
				3CB3492F266E6C1E00EB1726 /* Release */,
			);
			defaultConfigurationIsVisible = 0;
			defaultConfigurationName = Release;
		};
/* End XCConfigurationList section */
	};
	rootObject = 3CB34911266E6C1D00EB1726 /* Project object */;
}
