// !$*UTF8*$!
{
	archiveVersion = 1;
	classes = {
	};
	objectVersion = 50;
	objects = {

/* Begin PBXBuildFile section */
		3CB8FB06265138D900811CC8 /* AppDelegate.swift in Sources */ = {isa = PBXBuildFile; fileRef = 3CB8FB05265138D900811CC8 /* AppDelegate.swift */; };
		3CB8FB08265138D900811CC8 /* SceneDelegate.swift in Sources */ = {isa = PBXBuildFile; fileRef = 3CB8FB07265138D900811CC8 /* SceneDelegate.swift */; };
		3CB8FB0A265138D900811CC8 /* ViewController.swift in Sources */ = {isa = PBXBuildFile; fileRef = 3CB8FB09265138D900811CC8 /* ViewController.swift */; };
		3CB8FB0D265138D900811CC8 /* Main.storyboard in Resources */ = {isa = PBXBuildFile; fileRef = 3CB8FB0B265138D900811CC8 /* Main.storyboard */; };
		3CB8FB0F265138DB00811CC8 /* Assets.xcassets in Resources */ = {isa = PBXBuildFile; fileRef = 3CB8FB0E265138DB00811CC8 /* Assets.xcassets */; };
		3CB8FB12265138DB00811CC8 /* LaunchScreen.storyboard in Resources */ = {isa = PBXBuildFile; fileRef = 3CB8FB10265138DB00811CC8 /* LaunchScreen.storyboard */; };
		FA31633DBAD060EA73A7937F /* Pods_Test_Charts_Library.framework in Frameworks */ = {isa = PBXBuildFile; fileRef = 35CF037198C669824689B401 /* Pods_Test_Charts_Library.framework */; };
/* End PBXBuildFile section */

/* Begin PBXFileReference section */
		35CF037198C669824689B401 /* Pods_Test_Charts_Library.framework */ = {isa = PBXFileReference; explicitFileType = wrapper.framework; includeInIndex = 0; path = Pods_Test_Charts_Library.framework; sourceTree = BUILT_PRODUCTS_DIR; };
		3CB8FB02265138D900811CC8 /* Test-Charts-Library.app */ = {isa = PBXFileReference; explicitFileType = wrapper.application; includeInIndex = 0; path = "Test-Charts-Library.app"; sourceTree = BUILT_PRODUCTS_DIR; };
		3CB8FB05265138D900811CC8 /* AppDelegate.swift */ = {isa = PBXFileReference; lastKnownFileType = sourcecode.swift; path = AppDelegate.swift; sourceTree = "<group>"; };
		3CB8FB07265138D900811CC8 /* SceneDelegate.swift */ = {isa = PBXFileReference; lastKnownFileType = sourcecode.swift; path = SceneDelegate.swift; sourceTree = "<group>"; };
		3CB8FB09265138D900811CC8 /* ViewController.swift */ = {isa = PBXFileReference; lastKnownFileType = sourcecode.swift; path = ViewController.swift; sourceTree = "<group>"; };
		3CB8FB0C265138D900811CC8 /* Base */ = {isa = PBXFileReference; lastKnownFileType = file.storyboard; name = Base; path = Base.lproj/Main.storyboard; sourceTree = "<group>"; };
		3CB8FB0E265138DB00811CC8 /* Assets.xcassets */ = {isa = PBXFileReference; lastKnownFileType = folder.assetcatalog; path = Assets.xcassets; sourceTree = "<group>"; };
		3CB8FB11265138DB00811CC8 /* Base */ = {isa = PBXFileReference; lastKnownFileType = file.storyboard; name = Base; path = Base.lproj/LaunchScreen.storyboard; sourceTree = "<group>"; };
		3CB8FB13265138DB00811CC8 /* Info.plist */ = {isa = PBXFileReference; lastKnownFileType = text.plist.xml; path = Info.plist; sourceTree = "<group>"; };
		BAA8661D43906C2EC70DC6BC /* Pods-Test-Charts-Library.debug.xcconfig */ = {isa = PBXFileReference; includeInIndex = 1; lastKnownFileType = text.xcconfig; name = "Pods-Test-Charts-Library.debug.xcconfig"; path = "Target Support Files/Pods-Test-Charts-Library/Pods-Test-Charts-Library.debug.xcconfig"; sourceTree = "<group>"; };
		D9937F3EA601D39960981DC4 /* Pods-Test-Charts-Library.release.xcconfig */ = {isa = PBXFileReference; includeInIndex = 1; lastKnownFileType = text.xcconfig; name = "Pods-Test-Charts-Library.release.xcconfig"; path = "Target Support Files/Pods-Test-Charts-Library/Pods-Test-Charts-Library.release.xcconfig"; sourceTree = "<group>"; };
/* End PBXFileReference section */

/* Begin PBXFrameworksBuildPhase section */
		3CB8FAFF265138D900811CC8 /* Frameworks */ = {
			isa = PBXFrameworksBuildPhase;
			buildActionMask = 2147483647;
			files = (
				FA31633DBAD060EA73A7937F /* Pods_Test_Charts_Library.framework in Frameworks */,
			);
			runOnlyForDeploymentPostprocessing = 0;
		};
/* End PBXFrameworksBuildPhase section */

/* Begin PBXGroup section */
		1A9D196D6F53B50619CDE8AD /* Pods */ = {
			isa = PBXGroup;
			children = (
				BAA8661D43906C2EC70DC6BC /* Pods-Test-Charts-Library.debug.xcconfig */,
				D9937F3EA601D39960981DC4 /* Pods-Test-Charts-Library.release.xcconfig */,
			);
			name = Pods;
			path = Pods;
			sourceTree = "<group>";
		};
		2309168188C19814C91B0935 /* Frameworks */ = {
			isa = PBXGroup;
			children = (
				35CF037198C669824689B401 /* Pods_Test_Charts_Library.framework */,
			);
			name = Frameworks;
			sourceTree = "<group>";
		};
		3CB8FAF9265138D900811CC8 = {
			isa = PBXGroup;
			children = (
				3CB8FB04265138D900811CC8 /* Test-Charts-Library */,
				3CB8FB03265138D900811CC8 /* Products */,
				1A9D196D6F53B50619CDE8AD /* Pods */,
				2309168188C19814C91B0935 /* Frameworks */,
			);
			sourceTree = "<group>";
		};
		3CB8FB03265138D900811CC8 /* Products */ = {
			isa = PBXGroup;
			children = (
				3CB8FB02265138D900811CC8 /* Test-Charts-Library.app */,
			);
			name = Products;
			sourceTree = "<group>";
		};
		3CB8FB04265138D900811CC8 /* Test-Charts-Library */ = {
			isa = PBXGroup;
			children = (
				3CB8FB05265138D900811CC8 /* AppDelegate.swift */,
				3CB8FB07265138D900811CC8 /* SceneDelegate.swift */,
				3CB8FB09265138D900811CC8 /* ViewController.swift */,
				3CB8FB0B265138D900811CC8 /* Main.storyboard */,
				3CB8FB0E265138DB00811CC8 /* Assets.xcassets */,
				3CB8FB10265138DB00811CC8 /* LaunchScreen.storyboard */,
				3CB8FB13265138DB00811CC8 /* Info.plist */,
			);
			path = "Test-Charts-Library";
			sourceTree = "<group>";
		};
/* End PBXGroup section */

/* Begin PBXNativeTarget section */
		3CB8FB01265138D900811CC8 /* Test-Charts-Library */ = {
			isa = PBXNativeTarget;
			buildConfigurationList = 3CB8FB16265138DB00811CC8 /* Build configuration list for PBXNativeTarget "Test-Charts-Library" */;
			buildPhases = (
				0BBC16B3D38141D1C65B78FF /* [CP] Check Pods Manifest.lock */,
				3CB8FAFE265138D900811CC8 /* Sources */,
				3CB8FAFF265138D900811CC8 /* Frameworks */,
				3CB8FB00265138D900811CC8 /* Resources */,
				FB1097026A61745E4D9615B5 /* [CP] Embed Pods Frameworks */,
			);
			buildRules = (
			);
			dependencies = (
			);
			name = "Test-Charts-Library";
			productName = "Test-Charts-Library";
			productReference = 3CB8FB02265138D900811CC8 /* Test-Charts-Library.app */;
			productType = "com.apple.product-type.application";
		};
/* End PBXNativeTarget section */

/* Begin PBXProject section */
		3CB8FAFA265138D900811CC8 /* Project object */ = {
			isa = PBXProject;
			attributes = {
				LastSwiftUpdateCheck = 1250;
				LastUpgradeCheck = 1250;
				TargetAttributes = {
					3CB8FB01265138D900811CC8 = {
						CreatedOnToolsVersion = 12.5;
					};
				};
			};
			buildConfigurationList = 3CB8FAFD265138D900811CC8 /* Build configuration list for PBXProject "Test-Charts-Library" */;
			compatibilityVersion = "Xcode 9.3";
			developmentRegion = en;
			hasScannedForEncodings = 0;
			knownRegions = (
				en,
				Base,
			);
			mainGroup = 3CB8FAF9265138D900811CC8;
			productRefGroup = 3CB8FB03265138D900811CC8 /* Products */;
			projectDirPath = "";
			projectRoot = "";
			targets = (
				3CB8FB01265138D900811CC8 /* Test-Charts-Library */,
			);
		};
/* End PBXProject section */

/* Begin PBXResourcesBuildPhase section */
		3CB8FB00265138D900811CC8 /* Resources */ = {
			isa = PBXResourcesBuildPhase;
			buildActionMask = 2147483647;
			files = (
				3CB8FB12265138DB00811CC8 /* LaunchScreen.storyboard in Resources */,
				3CB8FB0F265138DB00811CC8 /* Assets.xcassets in Resources */,
				3CB8FB0D265138D900811CC8 /* Main.storyboard in Resources */,
			);
			runOnlyForDeploymentPostprocessing = 0;
		};
/* End PBXResourcesBuildPhase section */

/* Begin PBXShellScriptBuildPhase section */
		0BBC16B3D38141D1C65B78FF /* [CP] Check Pods Manifest.lock */ = {
			isa = PBXShellScriptBuildPhase;
			buildActionMask = 2147483647;
			files = (
			);
			inputFileListPaths = (
			);
			inputPaths = (
				"${PODS_PODFILE_DIR_PATH}/Podfile.lock",
				"${PODS_ROOT}/Manifest.lock",
			);
			name = "[CP] Check Pods Manifest.lock";
			outputFileListPaths = (
			);
			outputPaths = (
				"$(DERIVED_FILE_DIR)/Pods-Test-Charts-Library-checkManifestLockResult.txt",
			);
			runOnlyForDeploymentPostprocessing = 0;
			shellPath = /bin/sh;
			shellScript = "diff \"${PODS_PODFILE_DIR_PATH}/Podfile.lock\" \"${PODS_ROOT}/Manifest.lock\" > /dev/null\nif [ $? != 0 ] ; then\n    # print error to STDERR\n    echo \"error: The sandbox is not in sync with the Podfile.lock. Run 'pod install' or update your CocoaPods installation.\" >&2\n    exit 1\nfi\n# This output is used by Xcode 'outputs' to avoid re-running this script phase.\necho \"SUCCESS\" > \"${SCRIPT_OUTPUT_FILE_0}\"\n";
			showEnvVarsInLog = 0;
		};
		FB1097026A61745E4D9615B5 /* [CP] Embed Pods Frameworks */ = {
			isa = PBXShellScriptBuildPhase;
			buildActionMask = 2147483647;
			files = (
			);
			inputFileListPaths = (
				"${PODS_ROOT}/Target Support Files/Pods-Test-Charts-Library/Pods-Test-Charts-Library-frameworks-${CONFIGURATION}-input-files.xcfilelist",
			);
			name = "[CP] Embed Pods Frameworks";
			outputFileListPaths = (
				"${PODS_ROOT}/Target Support Files/Pods-Test-Charts-Library/Pods-Test-Charts-Library-frameworks-${CONFIGURATION}-output-files.xcfilelist",
			);
			runOnlyForDeploymentPostprocessing = 0;
			shellPath = /bin/sh;
			shellScript = "\"${PODS_ROOT}/Target Support Files/Pods-Test-Charts-Library/Pods-Test-Charts-Library-frameworks.sh\"\n";
			showEnvVarsInLog = 0;
		};
/* End PBXShellScriptBuildPhase section */

/* Begin PBXSourcesBuildPhase section */
		3CB8FAFE265138D900811CC8 /* Sources */ = {
			isa = PBXSourcesBuildPhase;
			buildActionMask = 2147483647;
			files = (
				3CB8FB0A265138D900811CC8 /* ViewController.swift in Sources */,
				3CB8FB06265138D900811CC8 /* AppDelegate.swift in Sources */,
				3CB8FB08265138D900811CC8 /* SceneDelegate.swift in Sources */,
			);
			runOnlyForDeploymentPostprocessing = 0;
		};
/* End PBXSourcesBuildPhase section */

/* Begin PBXVariantGroup section */
		3CB8FB0B265138D900811CC8 /* Main.storyboard */ = {
			isa = PBXVariantGroup;
			children = (
				3CB8FB0C265138D900811CC8 /* Base */,
			);
			name = Main.storyboard;
			sourceTree = "<group>";
		};
		3CB8FB10265138DB00811CC8 /* LaunchScreen.storyboard */ = {
			isa = PBXVariantGroup;
			children = (
				3CB8FB11265138DB00811CC8 /* Base */,
			);
			name = LaunchScreen.storyboard;
			sourceTree = "<group>";
		};
/* End PBXVariantGroup section */

/* Begin XCBuildConfiguration section */
		3CB8FB14265138DB00811CC8 /* Debug */ = {
			isa = XCBuildConfiguration;
			buildSettings = {
				ALWAYS_SEARCH_USER_PATHS = NO;
				CLANG_ANALYZER_NONNULL = YES;
				CLANG_ANALYZER_NUMBER_OBJECT_CONVERSION = YES_AGGRESSIVE;
				CLANG_CXX_LANGUAGE_STANDARD = "gnu++14";
				CLANG_CXX_LIBRARY = "libc++";
				CLANG_ENABLE_MODULES = YES;
				CLANG_ENABLE_OBJC_ARC = YES;
				CLANG_ENABLE_OBJC_WEAK = YES;
				CLANG_WARN_BLOCK_CAPTURE_AUTORELEASING = YES;
				CLANG_WARN_BOOL_CONVERSION = YES;
				CLANG_WARN_COMMA = YES;
				CLANG_WARN_CONSTANT_CONVERSION = YES;
				CLANG_WARN_DEPRECATED_OBJC_IMPLEMENTATIONS = YES;
				CLANG_WARN_DIRECT_OBJC_ISA_USAGE = YES_ERROR;
				CLANG_WARN_DOCUMENTATION_COMMENTS = YES;
				CLANG_WARN_EMPTY_BODY = YES;
				CLANG_WARN_ENUM_CONVERSION = YES;
				CLANG_WARN_INFINITE_RECURSION = YES;
				CLANG_WARN_INT_CONVERSION = YES;
				CLANG_WARN_NON_LITERAL_NULL_CONVERSION = YES;
				CLANG_WARN_OBJC_IMPLICIT_RETAIN_SELF = YES;
				CLANG_WARN_OBJC_LITERAL_CONVERSION = YES;
				CLANG_WARN_OBJC_ROOT_CLASS = YES_ERROR;
				CLANG_WARN_QUOTED_INCLUDE_IN_FRAMEWORK_HEADER = YES;
				CLANG_WARN_RANGE_LOOP_ANALYSIS = YES;
				CLANG_WARN_STRICT_PROTOTYPES = YES;
				CLANG_WARN_SUSPICIOUS_MOVE = YES;
				CLANG_WARN_UNGUARDED_AVAILABILITY = YES_AGGRESSIVE;
				CLANG_WARN_UNREACHABLE_CODE = YES;
				CLANG_WARN__DUPLICATE_METHOD_MATCH = YES;
				COPY_PHASE_STRIP = NO;
				DEBUG_INFORMATION_FORMAT = dwarf;
				ENABLE_STRICT_OBJC_MSGSEND = YES;
				ENABLE_TESTABILITY = YES;
				GCC_C_LANGUAGE_STANDARD = gnu11;
				GCC_DYNAMIC_NO_PIC = NO;
				GCC_NO_COMMON_BLOCKS = YES;
				GCC_OPTIMIZATION_LEVEL = 0;
				GCC_PREPROCESSOR_DEFINITIONS = (
					"DEBUG=1",
					"$(inherited)",
				);
				GCC_WARN_64_TO_32_BIT_CONVERSION = YES;
				GCC_WARN_ABOUT_RETURN_TYPE = YES_ERROR;
				GCC_WARN_UNDECLARED_SELECTOR = YES;
				GCC_WARN_UNINITIALIZED_AUTOS = YES_AGGRESSIVE;
				GCC_WARN_UNUSED_FUNCTION = YES;
				GCC_WARN_UNUSED_VARIABLE = YES;
				IPHONEOS_DEPLOYMENT_TARGET = 14.5;
				MTL_ENABLE_DEBUG_INFO = INCLUDE_SOURCE;
				MTL_FAST_MATH = YES;
				ONLY_ACTIVE_ARCH = YES;
				SDKROOT = iphoneos;
				SWIFT_ACTIVE_COMPILATION_CONDITIONS = DEBUG;
				SWIFT_OPTIMIZATION_LEVEL = "-Onone";
			};
			name = Debug;
		};
		3CB8FB15265138DB00811CC8 /* Release */ = {
			isa = XCBuildConfiguration;
			buildSettings = {
				ALWAYS_SEARCH_USER_PATHS = NO;
				CLANG_ANALYZER_NONNULL = YES;
				CLANG_ANALYZER_NUMBER_OBJECT_CONVERSION = YES_AGGRESSIVE;
				CLANG_CXX_LANGUAGE_STANDARD = "gnu++14";
				CLANG_CXX_LIBRARY = "libc++";
				CLANG_ENABLE_MODULES = YES;
				CLANG_ENABLE_OBJC_ARC = YES;
				CLANG_ENABLE_OBJC_WEAK = YES;
				CLANG_WARN_BLOCK_CAPTURE_AUTORELEASING = YES;
				CLANG_WARN_BOOL_CONVERSION = YES;
				CLANG_WARN_COMMA = YES;
				CLANG_WARN_CONSTANT_CONVERSION = YES;
				CLANG_WARN_DEPRECATED_OBJC_IMPLEMENTATIONS = YES;
				CLANG_WARN_DIRECT_OBJC_ISA_USAGE = YES_ERROR;
				CLANG_WARN_DOCUMENTATION_COMMENTS = YES;
				CLANG_WARN_EMPTY_BODY = YES;
				CLANG_WARN_ENUM_CONVERSION = YES;
				CLANG_WARN_INFINITE_RECURSION = YES;
				CLANG_WARN_INT_CONVERSION = YES;
				CLANG_WARN_NON_LITERAL_NULL_CONVERSION = YES;
				CLANG_WARN_OBJC_IMPLICIT_RETAIN_SELF = YES;
				CLANG_WARN_OBJC_LITERAL_CONVERSION = YES;
				CLANG_WARN_OBJC_ROOT_CLASS = YES_ERROR;
				CLANG_WARN_QUOTED_INCLUDE_IN_FRAMEWORK_HEADER = YES;
				CLANG_WARN_RANGE_LOOP_ANALYSIS = YES;
				CLANG_WARN_STRICT_PROTOTYPES = YES;
				CLANG_WARN_SUSPICIOUS_MOVE = YES;
				CLANG_WARN_UNGUARDED_AVAILABILITY = YES_AGGRESSIVE;
				CLANG_WARN_UNREACHABLE_CODE = YES;
				CLANG_WARN__DUPLICATE_METHOD_MATCH = YES;
				COPY_PHASE_STRIP = NO;
				DEBUG_INFORMATION_FORMAT = "dwarf-with-dsym";
				ENABLE_NS_ASSERTIONS = NO;
				ENABLE_STRICT_OBJC_MSGSEND = YES;
				GCC_C_LANGUAGE_STANDARD = gnu11;
				GCC_NO_COMMON_BLOCKS = YES;
				GCC_WARN_64_TO_32_BIT_CONVERSION = YES;
				GCC_WARN_ABOUT_RETURN_TYPE = YES_ERROR;
				GCC_WARN_UNDECLARED_SELECTOR = YES;
				GCC_WARN_UNINITIALIZED_AUTOS = YES_AGGRESSIVE;
				GCC_WARN_UNUSED_FUNCTION = YES;
				GCC_WARN_UNUSED_VARIABLE = YES;
				IPHONEOS_DEPLOYMENT_TARGET = 14.5;
				MTL_ENABLE_DEBUG_INFO = NO;
				MTL_FAST_MATH = YES;
				SDKROOT = iphoneos;
				SWIFT_COMPILATION_MODE = wholemodule;
				SWIFT_OPTIMIZATION_LEVEL = "-O";
				VALIDATE_PRODUCT = YES;
			};
			name = Release;
		};
		3CB8FB17265138DB00811CC8 /* Debug */ = {
			isa = XCBuildConfiguration;
			baseConfigurationReference = BAA8661D43906C2EC70DC6BC /* Pods-Test-Charts-Library.debug.xcconfig */;
			buildSettings = {
				ASSETCATALOG_COMPILER_APPICON_NAME = AppIcon;
				ASSETCATALOG_COMPILER_GLOBAL_ACCENT_COLOR_NAME = AccentColor;
				CODE_SIGN_STYLE = Automatic;
				DEVELOPMENT_TEAM = J8A843466G;
				INFOPLIST_FILE = "Test-Charts-Library/Info.plist";
				LD_RUNPATH_SEARCH_PATHS = (
					"$(inherited)",
					"@executable_path/Frameworks",
				);
				PRODUCT_BUNDLE_IDENTIFIER = "net.hryeong.Test-Charts-Library";
				PRODUCT_NAME = "$(TARGET_NAME)";
				SWIFT_VERSION = 5.0;
				TARGETED_DEVICE_FAMILY = "1,2";
			};
			name = Debug;
		};
		3CB8FB18265138DB00811CC8 /* Release */ = {
			isa = XCBuildConfiguration;
			baseConfigurationReference = D9937F3EA601D39960981DC4 /* Pods-Test-Charts-Library.release.xcconfig */;
			buildSettings = {
				ASSETCATALOG_COMPILER_APPICON_NAME = AppIcon;
				ASSETCATALOG_COMPILER_GLOBAL_ACCENT_COLOR_NAME = AccentColor;
				CODE_SIGN_STYLE = Automatic;
				DEVELOPMENT_TEAM = J8A843466G;
				INFOPLIST_FILE = "Test-Charts-Library/Info.plist";
				LD_RUNPATH_SEARCH_PATHS = (
					"$(inherited)",
					"@executable_path/Frameworks",
				);
				PRODUCT_BUNDLE_IDENTIFIER = "net.hryeong.Test-Charts-Library";
				PRODUCT_NAME = "$(TARGET_NAME)";
				SWIFT_VERSION = 5.0;
				TARGETED_DEVICE_FAMILY = "1,2";
			};
			name = Release;
		};
/* End XCBuildConfiguration section */

/* Begin XCConfigurationList section */
		3CB8FAFD265138D900811CC8 /* Build configuration list for PBXProject "Test-Charts-Library" */ = {
			isa = XCConfigurationList;
			buildConfigurations = (
				3CB8FB14265138DB00811CC8 /* Debug */,
				3CB8FB15265138DB00811CC8 /* Release */,
			);
			defaultConfigurationIsVisible = 0;
			defaultConfigurationName = Release;
		};
		3CB8FB16265138DB00811CC8 /* Build configuration list for PBXNativeTarget "Test-Charts-Library" */ = {
			isa = XCConfigurationList;
			buildConfigurations = (
				3CB8FB17265138DB00811CC8 /* Debug */,
				3CB8FB18265138DB00811CC8 /* Release */,
			);
			defaultConfigurationIsVisible = 0;
			defaultConfigurationName = Release;
		};
/* End XCConfigurationList section */
	};
	rootObject = 3CB8FAFA265138D900811CC8 /* Project object */;
}
